{
    "_meta": {
        "hash": {
            "sha256": "68e32b0701a502f9673ad482f8d6c1094ed55dc3e55db3d27396a11e682597fc"
        },
        "pipfile-spec": 6,
        "requires": {
            "python_version": "3.9"
        },
        "sources": [
            {
                "name": "pypi",
                "url": "https://pypi.org/simple",
                "verify_ssl": true
            }
        ]
    },
    "default": {},
    "develop": {}
}
